
Microsoft Visual Studio Solution File, Format Version 12.00
# Visual Studio Version 16
VisualStudioVersion = 16.0.810.9
MinimumVisualStudioVersion = 10.0.40219.1
Project("{FAE04EC0-301F-11D3-BF4B-00C04F79EFBC}") = "Exercise", "Exercise\Exercise.csproj", "{C52B4199-3CBE-4ECD-8F10-584F60211E0F}"
EndProject
Project("{FAE04EC0-301F-11D3-BF4B-00C04F79EFBC}") = "InputOutput", "InputOutput\InputOutput.csproj", "{66633677-20E0-457B-BC60-0A29D3B48A47}"
EndProject
Project("{FAE04EC0-301F-11D3-BF4B-00C04F79EFBC}") = "NumericTypes", "NumericTypes\NumericTypes.csproj", "{B8D27042-BF24-4031-8899-AC45CE1D94EC}"
EndProject
Project("{FAE04EC0-301F-11D3-BF4B-00C04F79EFBC}") = "MoreOnNumericTypes", "MoreOnNumericTypes\MoreOnNumericTypes.csproj", "{E67E3502-8072-40A0-82B4-14D02344CA00}"
EndProject
Project("{FAE04EC0-301F-11D3-BF4B-00C04F79EFBC}") = "Strings", "Strings\Strings.csproj", "{AC97C5D4-153F-4845-8B6C-8118A16DF55F}"
EndProject
Global
	GlobalSection(SolutionConfigurationPlatforms) = preSolution
		Debug|Any CPU = Debug|Any CPU
		Release|Any CPU = Release|Any CPU
	EndGlobalSection
	GlobalSection(ProjectConfigurationPlatforms) = postSolution
		{C52B4199-3CBE-4ECD-8F10-584F60211E0F}.Debug|Any CPU.ActiveCfg = Debug|Any CPU
		{C52B4199-3CBE-4ECD-8F10-584F60211E0F}.Debug|Any CPU.Build.0 = Debug|Any CPU
		{C52B4199-3CBE-4ECD-8F10-584F60211E0F}.Release|Any CPU.ActiveCfg = Release|Any CPU
		{C52B4199-3CBE-4ECD-8F10-584F60211E0F}.Release|Any CPU.Build.0 = Release|Any CPU
		{66633677-20E0-457B-BC60-0A29D3B48A47}.Debug|Any CPU.ActiveCfg = Debug|Any CPU
		{66633677-20E0-457B-BC60-0A29D3B48A47}.Debug|Any CPU.Build.0 = Debug|Any CPU
		{66633677-20E0-457B-BC60-0A29D3B48A47}.Release|Any CPU.ActiveCfg = Release|Any CPU
		{66633677-20E0-457B-BC60-0A29D3B48A47}.Release|Any CPU.Build.0 = Release|Any CPU
		{B8D27042-BF24-4031-8899-AC45CE1D94EC}.Debug|Any CPU.ActiveCfg = Debug|Any CPU
		{B8D27042-BF24-4031-8899-AC45CE1D94EC}.Debug|Any CPU.Build.0 = Debug|Any CPU
		{B8D27042-BF24-4031-8899-AC45CE1D94EC}.Release|Any CPU.ActiveCfg = Release|Any CPU
		{B8D27042-BF24-4031-8899-AC45CE1D94EC}.Release|Any CPU.Build.0 = Release|Any CPU
		{E67E3502-8072-40A0-82B4-14D02344CA00}.Debug|Any CPU.ActiveCfg = Debug|Any CPU
		{E67E3502-8072-40A0-82B4-14D02344CA00}.Debug|Any CPU.Build.0 = Debug|Any CPU
		{E67E3502-8072-40A0-82B4-14D02344CA00}.Release|Any CPU.ActiveCfg = Release|Any CPU
		{E67E3502-8072-40A0-82B4-14D02344CA00}.Release|Any CPU.Build.0 = Release|Any CPU
		{AC97C5D4-153F-4845-8B6C-8118A16DF55F}.Debug|Any CPU.ActiveCfg = Debug|Any CPU
		{AC97C5D4-153F-4845-8B6C-8118A16DF55F}.Debug|Any CPU.Build.0 = Debug|Any CPU
		{AC97C5D4-153F-4845-8B6C-8118A16DF55F}.Release|Any CPU.ActiveCfg = Release|Any CPU
		{AC97C5D4-153F-4845-8B6C-8118A16DF55F}.Release|Any CPU.Build.0 = Release|Any CPU
	EndGlobalSection
	GlobalSection(SolutionProperties) = preSolution
		HideSolutionNode = FALSE
	EndGlobalSection
	GlobalSection(ExtensibilityGlobals) = postSolution
		SolutionGuid = {4ADB3003-5349-4D86-8242-F1904304B536}
	EndGlobalSection
EndGlobal
